
Microsoft Visual Studio Solution File, Format Version 12.00
# Visual Studio Version 16
VisualStudioVersion = 16.0.29920.165
MinimumVisualStudioVersion = 10.0.40219.1
Project("{2150E333-8FDC-42A3-9474-1A3956D46DE8}") = "Solution Items", "Solution Items", "{E500659E-E2E5-41E5-8B8E-0439A37AB18C}"
	ProjectSection(SolutionItems) = preProject
		README.md = README.md
	EndProjectSection
EndProject
Project("{9A19103F-16F7-4668-BE54-9A1E7A4F7556}") = "BlazorCefApp", "BlazorCefApp\BlazorCefApp.csproj", "{CA04457A-7790-49D4-8566-DA1FAC7A4674}"
EndProject
Global
	GlobalSection(SolutionConfigurationPlatforms) = preSolution
		Debug|Any CPU = Debug|Any CPU
		Release|Any CPU = Release|Any CPU
	EndGlobalSection
	GlobalSection(ProjectConfigurationPlatforms) = postSolution
		{CA04457A-7790-49D4-8566-DA1FAC7A4674}.Debug|Any CPU.ActiveCfg = Debug|Any CPU
		{CA04457A-7790-49D4-8566-DA1FAC7A4674}.Debug|Any CPU.Build.0 = Debug|Any CPU
		{CA04457A-7790-49D4-8566-DA1FAC7A4674}.Release|Any CPU.ActiveCfg = Release|Any CPU
		{CA04457A-7790-49D4-8566-DA1FAC7A4674}.Release|Any CPU.Build.0 = Release|Any CPU
	EndGlobalSection
	GlobalSection(SolutionProperties) = preSolution
		HideSolutionNode = FALSE
	EndGlobalSection
	GlobalSection(ExtensibilityGlobals) = postSolution
		SolutionGuid = {CB323DD1-E1DE-4791-A2FE-B581E311FBB6}
	EndGlobalSection
EndGlobal
